
Microsoft Visual Studio Solution File, Format Version 12.00
# Visual Studio Version 17
VisualStudioVersion = 17.4.33403.182
MinimumVisualStudioVersion = 10.0.40219.1
Project("{FAE04EC0-301F-11D3-BF4B-00C04F79EFBC}") = "src", "src\src.csproj", "{5DAA5B3B-6113-469A-8EB1-9A11058025BA}"
EndProject
Global
	GlobalSection(SolutionConfigurationPlatforms) = preSolution
		Debug|Any CPU = Debug|Any CPU
		Release|Any CPU = Release|Any CPU
	EndGlobalSection
	GlobalSection(ProjectConfigurationPlatforms) = postSolution
		{5DAA5B3B-6113-469A-8EB1-9A11058025BA}.Debug|Any CPU.ActiveCfg = Debug|Any CPU
		{5DAA5B3B-6113-469A-8EB1-9A11058025BA}.Debug|Any CPU.Build.0 = Debug|Any CPU
		{5DAA5B3B-6113-469A-8EB1-9A11058025BA}.Release|Any CPU.ActiveCfg = Release|Any CPU
		{5DAA5B3B-6113-469A-8EB1-9A11058025BA}.Release|Any CPU.Build.0 = Release|Any CPU
	EndGlobalSection
	GlobalSection(SolutionProperties) = preSolution
		HideSolutionNode = FALSE
	EndGlobalSection
	GlobalSection(ExtensibilityGlobals) = postSolution
		SolutionGuid = {26E686D2-3695-46AD-8B5D-4DA9DF8D4A34}
	EndGlobalSection
EndGlobal
